<?xml version="1.0" encoding="utf-8"?>
<Project ToolsVersion="4.0" xmlns="http://schemas.microsoft.com/developer/msbuild/2003">
  <ItemGroup>
    <Object Include="NativeFunctions\NativeFunctions64.obj">
      <Filter>Object Files</Filter>
    </Object>
    <Object Include="NativeFunctions\NativeFunctions86.obj">
      <Filter>Object Files</Filter>
    </Object>
  </ItemGroup>
  <ItemGroup>
    <ClCompile Include="DriversUtils.c">
      <Filter>Source Files</Filter>
    </ClCompile>
    <ClCompile Include="FilesUtils.c">
      <Filter>Source Files</Filter>
    </ClCompile>
    <ClCompile Include="IOCTLDispatcher.c">
      <Filter>Source Files</Filter>
    </ClCompile>
    <ClCompile Include="Main.c">
      <Filter>Source Files</Filter>
    </ClCompile>
    <ClCompile Include="MemoryAccessController.c">
      <Filter>Source Files</Filter>
    </ClCompile>
    <ClCompile Include="MemoryUtils.c">
      <Filter>Source Files</Filter>
    </ClCompile>
    <ClCompile Include="ProcessesUtils.c">
      <Filter>Source Files</Filter>
    </ClCompile>
    <ClCompile Include="Protection.c">
      <Filter>Source Files</Filter>
    </ClCompile>
    <ClCompile Include="RegistryUtils.c">
      <Filter>Source Files</Filter>
    </ClCompile>
    <ClCompile Include="ShellCode.c">
      <Filter>Source Files</Filter>
    </ClCompile>
    <ClCompile Include="StringsUtils.c">
      <Filter>Source Files</Filter>
    </ClCompile>
    <ClCompile Include="IpiWrapper.c">
      <Filter>Source Files</Filter>
    </ClCompile>
    <ClCompile Include="NativeFunctions.c">
      <Filter>Source Files</Filter>
    </ClCompile>
    <ClCompile Include="PCI.c">
      <Filter>Source Files</Filter>
    </ClCompile>
    <ClCompile Include="LinkedLists.c">
      <Filter>Source Files</Filter>
    </ClCompile>
    <ClCompile Include="Synchronization.c">
      <Filter>Source Files</Filter>
    </ClCompile>
  </ItemGroup>
  <ItemGroup>
    <ClInclude Include="StringsUtils.h">
      <Filter>Header Files</Filter>
    </ClInclude>
    <ClInclude Include="ShellCode.h">
      <Filter>Header Files</Filter>
    </ClInclude>
    <ClInclude Include="RegistryUtils.h">
      <Filter>Header Files</Filter>
    </ClInclude>
    <ClInclude Include="Protection.h">
      <Filter>Header Files</Filter>
    </ClInclude>
    <ClInclude Include="ProcessesUtils.h">
      <Filter>Header Files</Filter>
    </ClInclude>
    <ClInclude Include="NativeFunctions.h">
      <Filter>Header Files</Filter>
    </ClInclude>
    <ClInclude Include="MemoryUtils.h">
      <Filter>Header Files</Filter>
    </ClInclude>
    <ClInclude Include="MemoryAccessController.h">
      <Filter>Header Files</Filter>
    </ClInclude>
    <ClInclude Include="IOCTLDispatcher.h">
      <Filter>Header Files</Filter>
    </ClInclude>
    <ClInclude Include="FilesUtils.h">
      <Filter>Header Files</Filter>
    </ClInclude>
    <ClInclude Include="DriversUtils.h">
      <Filter>Header Files</Filter>
    </ClInclude>
    <ClInclude Include="IpiWrapper.h">
      <Filter>Header Files</Filter>
    </ClInclude>
    <ClInclude Include="PCI.h">
      <Filter>Header Files</Filter>
    </ClInclude>
    <ClInclude Include="LinkedLists.h">
      <Filter>Header Files</Filter>
    </ClInclude>
    <ClInclude Include="Synchronization.h">
      <Filter>Header Files</Filter>
    </ClInclude>
  </ItemGroup>
  <ItemGroup>
    <Filter Include="Source Files">
      <UniqueIdentifier>{1a91f49f-e456-4e1f-b220-744c04053ef9}</UniqueIdentifier>
    </Filter>
    <Filter Include="Header Files">
      <UniqueIdentifier>{49bbd3cf-bbd6-4ecf-acc9-ac29b17805fa}</UniqueIdentifier>
    </Filter>
    <Filter Include="Object Files">
      <UniqueIdentifier>{987f089c-c8da-4291-87c6-dc166427a306}</UniqueIdentifier>
    </Filter>
  </ItemGroup>
</Project>